
Microsoft Visual Studio Solution File, Format Version 12.00
# Visual Studio Version 17
VisualStudioVersion = 17.8.34330.188
MinimumVisualStudioVersion = 10.0.40219.1
Project("{FAE04EC0-301F-11D3-BF4B-00C04F79EFBC}") = "PR4 - Task 2", "PR4 - Task 2\PR4 - Task 2.csproj", "{2B8AB53A-D44E-4BCC-B82D-ABE1E1FA827C}"
EndProject
Global
	GlobalSection(SolutionConfigurationPlatforms) = preSolution
		Debug|Any CPU = Debug|Any CPU
		Release|Any CPU = Release|Any CPU
	EndGlobalSection
	GlobalSection(ProjectConfigurationPlatforms) = postSolution
		{2B8AB53A-D44E-4BCC-B82D-ABE1E1FA827C}.Debug|Any CPU.ActiveCfg = Debug|Any CPU
		{2B8AB53A-D44E-4BCC-B82D-ABE1E1FA827C}.Debug|Any CPU.Build.0 = Debug|Any CPU
		{2B8AB53A-D44E-4BCC-B82D-ABE1E1FA827C}.Release|Any CPU.ActiveCfg = Release|Any CPU
		{2B8AB53A-D44E-4BCC-B82D-ABE1E1FA827C}.Release|Any CPU.Build.0 = Release|Any CPU
	EndGlobalSection
	GlobalSection(SolutionProperties) = preSolution
		HideSolutionNode = FALSE
	EndGlobalSection
	GlobalSection(ExtensibilityGlobals) = postSolution
		SolutionGuid = {A9F0D95E-B008-468E-B969-36BA89A5B896}
	EndGlobalSection
EndGlobal
